
Microsoft Visual Studio Solution File, Format Version 12.00
# Visual Studio Version 17
VisualStudioVersion = 17.7.34221.43
MinimumVisualStudioVersion = 10.0.40219.1
Project("{FAE04EC0-301F-11D3-BF4B-00C04F79EFBC}") = "AW-Checkpoint-SportsTeam", "AW-Checkpoint-SportsTeam\AW-Checkpoint-SportsTeam.csproj", "{7EE911AC-4474-4C0C-9D7B-E226925B83C4}"
EndProject
Project("{FAE04EC0-301F-11D3-BF4B-00C04F79EFBC}") = "AW-Checkpoint-SportsTeam.UnitTesting", "AW-Checkpoint-SportsTeam.UnitTesting\AW-Checkpoint-SportsTeam.UnitTesting.csproj", "{99A96E8A-3011-4CD6-93DC-4085B48F4D7A}"
EndProject
Global
	GlobalSection(SolutionConfigurationPlatforms) = preSolution
		Debug|Any CPU = Debug|Any CPU
		Release|Any CPU = Release|Any CPU
	EndGlobalSection
	GlobalSection(ProjectConfigurationPlatforms) = postSolution
		{7EE911AC-4474-4C0C-9D7B-E226925B83C4}.Debug|Any CPU.ActiveCfg = Debug|Any CPU
		{7EE911AC-4474-4C0C-9D7B-E226925B83C4}.Debug|Any CPU.Build.0 = Debug|Any CPU
		{7EE911AC-4474-4C0C-9D7B-E226925B83C4}.Release|Any CPU.ActiveCfg = Release|Any CPU
		{7EE911AC-4474-4C0C-9D7B-E226925B83C4}.Release|Any CPU.Build.0 = Release|Any CPU
		{99A96E8A-3011-4CD6-93DC-4085B48F4D7A}.Debug|Any CPU.ActiveCfg = Debug|Any CPU
		{99A96E8A-3011-4CD6-93DC-4085B48F4D7A}.Debug|Any CPU.Build.0 = Debug|Any CPU
		{99A96E8A-3011-4CD6-93DC-4085B48F4D7A}.Release|Any CPU.ActiveCfg = Release|Any CPU
		{99A96E8A-3011-4CD6-93DC-4085B48F4D7A}.Release|Any CPU.Build.0 = Release|Any CPU
	EndGlobalSection
	GlobalSection(SolutionProperties) = preSolution
		HideSolutionNode = FALSE
	EndGlobalSection
	GlobalSection(ExtensibilityGlobals) = postSolution
		SolutionGuid = {1FB0E398-64EC-4E9F-825D-B78918CF233A}
	EndGlobalSection
EndGlobal
